// !$*UTF8*$!
{
	archiveVersion = 1;
	classes = {
	};
	objectVersion = 55;
	objects = {

/* Begin PBXBuildFile section */
		115DAF8627F352F3009DFFC2 /* swift_ui_screensApp.swift in Sources */ = {isa = PBXBuildFile; fileRef = 115DAF8527F352F3009DFFC2 /* swift_ui_screensApp.swift */; };
		115DAF8827F352F3009DFFC2 /* ContentView.swift in Sources */ = {isa = PBXBuildFile; fileRef = 115DAF8727F352F3009DFFC2 /* ContentView.swift */; };
		115DAF8A27F352F4009DFFC2 /* Assets.xcassets in Resources */ = {isa = PBXBuildFile; fileRef = 115DAF8927F352F4009DFFC2 /* Assets.xcassets */; };
		115DAF8D27F352F4009DFFC2 /* Preview Assets.xcassets in Resources */ = {isa = PBXBuildFile; fileRef = 115DAF8C27F352F4009DFFC2 /* Preview Assets.xcassets */; };
		115DAF9627F3536E009DFFC2 /* LoginView.swift in Sources */ = {isa = PBXBuildFile; fileRef = 115DAF9527F3536E009DFFC2 /* LoginView.swift */; };
		115DAF9827F3537D009DFFC2 /* b5619d138700157.62222aa57b79d.png in Resources */ = {isa = PBXBuildFile; fileRef = 115DAF9727F3537D009DFFC2 /* b5619d138700157.62222aa57b79d.png */; };
		115DAF9A27F35412009DFFC2 /* RegisterView.swift in Sources */ = {isa = PBXBuildFile; fileRef = 115DAF9927F35412009DFFC2 /* RegisterView.swift */; };
/* End PBXBuildFile section */

/* Begin PBXFileReference section */
		115DAF8227F352F3009DFFC2 /* swift-ui-screens.app */ = {isa = PBXFileReference; explicitFileType = wrapper.application; includeInIndex = 0; path = "swift-ui-screens.app"; sourceTree = BUILT_PRODUCTS_DIR; };
		115DAF8527F352F3009DFFC2 /* swift_ui_screensApp.swift */ = {isa = PBXFileReference; lastKnownFileType = sourcecode.swift; path = swift_ui_screensApp.swift; sourceTree = "<group>"; };
		115DAF8727F352F3009DFFC2 /* ContentView.swift */ = {isa = PBXFileReference; lastKnownFileType = sourcecode.swift; path = ContentView.swift; sourceTree = "<group>"; };
		115DAF8927F352F4009DFFC2 /* Assets.xcassets */ = {isa = PBXFileReference; lastKnownFileType = folder.assetcatalog; path = Assets.xcassets; sourceTree = "<group>"; };
		115DAF8C27F352F4009DFFC2 /* Preview Assets.xcassets */ = {isa = PBXFileReference; lastKnownFileType = folder.assetcatalog; path = "Preview Assets.xcassets"; sourceTree = "<group>"; };
		115DAF9527F3536E009DFFC2 /* LoginView.swift */ = {isa = PBXFileReference; fileEncoding = 4; lastKnownFileType = sourcecode.swift; path = LoginView.swift; sourceTree = "<group>"; };
		115DAF9727F3537D009DFFC2 /* b5619d138700157.62222aa57b79d.png */ = {isa = PBXFileReference; lastKnownFileType = image.png; path = b5619d138700157.62222aa57b79d.png; sourceTree = "<group>"; };
		115DAF9927F35412009DFFC2 /* RegisterView.swift */ = {isa = PBXFileReference; fileEncoding = 4; lastKnownFileType = sourcecode.swift; path = RegisterView.swift; sourceTree = "<group>"; };
/* End PBXFileReference section */

/* Begin PBXFrameworksBuildPhase section */
		115DAF7F27F352F3009DFFC2 /* Frameworks */ = {
			isa = PBXFrameworksBuildPhase;
			buildActionMask = 2147483647;
			files = (
			);
			runOnlyForDeploymentPostprocessing = 0;
		};
/* End PBXFrameworksBuildPhase section */

/* Begin PBXGroup section */
		115DAF7927F352F3009DFFC2 = {
			isa = PBXGroup;
			children = (
				115DAF8427F352F3009DFFC2 /* swift-ui-screens */,
				115DAF8327F352F3009DFFC2 /* Products */,
			);
			sourceTree = "<group>";
		};
		115DAF8327F352F3009DFFC2 /* Products */ = {
			isa = PBXGroup;
			children = (
				115DAF8227F352F3009DFFC2 /* swift-ui-screens.app */,
			);
			name = Products;
			sourceTree = "<group>";
		};
		115DAF8427F352F3009DFFC2 /* swift-ui-screens */ = {
			isa = PBXGroup;
			children = (
				115DAF9427F3535A009DFFC2 /* Designs */,
				115DAF9327F35353009DFFC2 /* Views */,
				115DAF8527F352F3009DFFC2 /* swift_ui_screensApp.swift */,
				115DAF8727F352F3009DFFC2 /* ContentView.swift */,
				115DAF8927F352F4009DFFC2 /* Assets.xcassets */,
				115DAF8B27F352F4009DFFC2 /* Preview Content */,
			);
			path = "swift-ui-screens";
			sourceTree = "<group>";
		};
		115DAF8B27F352F4009DFFC2 /* Preview Content */ = {
			isa = PBXGroup;
			children = (
				115DAF8C27F352F4009DFFC2 /* Preview Assets.xcassets */,
			);
			path = "Preview Content";
			sourceTree = "<group>";
		};
		115DAF9327F35353009DFFC2 /* Views */ = {
			isa = PBXGroup;
			children = (
				115DAF9927F35412009DFFC2 /* RegisterView.swift */,
				115DAF9527F3536E009DFFC2 /* LoginView.swift */,
			);
			path = Views;
			sourceTree = "<group>";
		};
		115DAF9427F3535A009DFFC2 /* Designs */ = {
			isa = PBXGroup;
			children = (
				115DAF9727F3537D009DFFC2 /* b5619d138700157.62222aa57b79d.png */,
			);
			path = Designs;
			sourceTree = "<group>";
		};
/* End PBXGroup section */

/* Begin PBXNativeTarget section */
		115DAF8127F352F3009DFFC2 /* swift-ui-screens */ = {
			isa = PBXNativeTarget;
			buildConfigurationList = 115DAF9027F352F4009DFFC2 /* Build configuration list for PBXNativeTarget "swift-ui-screens" */;
			buildPhases = (
				115DAF7E27F352F3009DFFC2 /* Sources */,
				115DAF7F27F352F3009DFFC2 /* Frameworks */,
				115DAF8027F352F3009DFFC2 /* Resources */,
			);
			buildRules = (
			);
			dependencies = (
			);
			name = "swift-ui-screens";
			productName = "swift-ui-screens";
			productReference = 115DAF8227F352F3009DFFC2 /* swift-ui-screens.app */;
			productType = "com.apple.product-type.application";
		};
/* End PBXNativeTarget section */

/* Begin PBXProject section */
		115DAF7A27F352F3009DFFC2 /* Project object */ = {
			isa = PBXProject;
			attributes = {
				BuildIndependentTargetsInParallel = 1;
				LastSwiftUpdateCheck = 1330;
				LastUpgradeCheck = 1330;
				TargetAttributes = {
					115DAF8127F352F3009DFFC2 = {
						CreatedOnToolsVersion = 13.3;
					};
				};
			};
			buildConfigurationList = 115DAF7D27F352F3009DFFC2 /* Build configuration list for PBXProject "swift-ui-screens" */;
			compatibilityVersion = "Xcode 13.0";
			developmentRegion = en;
			hasScannedForEncodings = 0;
			knownRegions = (
				en,
				Base,
			);
			mainGroup = 115DAF7927F352F3009DFFC2;
			productRefGroup = 115DAF8327F352F3009DFFC2 /* Products */;
			projectDirPath = "";
			projectRoot = "";
			targets = (
				115DAF8127F352F3009DFFC2 /* swift-ui-screens */,
			);
		};
/* End PBXProject section */

/* Begin PBXResourcesBuildPhase section */
		115DAF8027F352F3009DFFC2 /* Resources */ = {
			isa = PBXResourcesBuildPhase;
			buildActionMask = 2147483647;
			files = (
				115DAF8D27F352F4009DFFC2 /* Preview Assets.xcassets in Resources */,
				115DAF8A27F352F4009DFFC2 /* Assets.xcassets in Resources */,
				115DAF9827F3537D009DFFC2 /* b5619d138700157.62222aa57b79d.png in Resources */,
			);
			runOnlyForDeploymentPostprocessing = 0;
		};
/* End PBXResourcesBuildPhase section */

/* Begin PBXSourcesBuildPhase section */
		115DAF7E27F352F3009DFFC2 /* Sources */ = {
			isa = PBXSourcesBuildPhase;
			buildActionMask = 2147483647;
			files = (
				115DAF9627F3536E009DFFC2 /* LoginView.swift in Sources */,
				115DAF9A27F35412009DFFC2 /* RegisterView.swift in Sources */,
				115DAF8827F352F3009DFFC2 /* ContentView.swift in Sources */,
				115DAF8627F352F3009DFFC2 /* swift_ui_screensApp.swift in Sources */,
			);
			runOnlyForDeploymentPostprocessing = 0;
		};
/* End PBXSourcesBuildPhase section */

/* Begin XCBuildConfiguration section */
		115DAF8E27F352F4009DFFC2 /* Debug */ = {
			isa = XCBuildConfiguration;
			buildSettings = {
				ALWAYS_SEARCH_USER_PATHS = NO;
				CLANG_ANALYZER_NONNULL = YES;
				CLANG_ANALYZER_NUMBER_OBJECT_CONVERSION = YES_AGGRESSIVE;
				CLANG_CXX_LANGUAGE_STANDARD = "gnu++17";
				CLANG_ENABLE_MODULES = YES;
				CLANG_ENABLE_OBJC_ARC = YES;
				CLANG_ENABLE_OBJC_WEAK = YES;
				CLANG_WARN_BLOCK_CAPTURE_AUTORELEASING = YES;
				CLANG_WARN_BOOL_CONVERSION = YES;
				CLANG_WARN_COMMA = YES;
				CLANG_WARN_CONSTANT_CONVERSION = YES;
				CLANG_WARN_DEPRECATED_OBJC_IMPLEMENTATIONS = YES;
				CLANG_WARN_DIRECT_OBJC_ISA_USAGE = YES_ERROR;
				CLANG_WARN_DOCUMENTATION_COMMENTS = YES;
				CLANG_WARN_EMPTY_BODY = YES;
				CLANG_WARN_ENUM_CONVERSION = YES;
				CLANG_WARN_INFINITE_RECURSION = YES;
				CLANG_WARN_INT_CONVERSION = YES;
				CLANG_WARN_NON_LITERAL_NULL_CONVERSION = YES;
				CLANG_WARN_OBJC_IMPLICIT_RETAIN_SELF = YES;
				CLANG_WARN_OBJC_LITERAL_CONVERSION = YES;
				CLANG_WARN_OBJC_ROOT_CLASS = YES_ERROR;
				CLANG_WARN_QUOTED_INCLUDE_IN_FRAMEWORK_HEADER = YES;
				CLANG_WARN_RANGE_LOOP_ANALYSIS = YES;
				CLANG_WARN_STRICT_PROTOTYPES = YES;
				CLANG_WARN_SUSPICIOUS_MOVE = YES;
				CLANG_WARN_UNGUARDED_AVAILABILITY = YES_AGGRESSIVE;
				CLANG_WARN_UNREACHABLE_CODE = YES;
				CLANG_WARN__DUPLICATE_METHOD_MATCH = YES;
				COPY_PHASE_STRIP = NO;
				DEBUG_INFORMATION_FORMAT = dwarf;
				ENABLE_STRICT_OBJC_MSGSEND = YES;
				ENABLE_TESTABILITY = YES;
				GCC_C_LANGUAGE_STANDARD = gnu11;
				GCC_DYNAMIC_NO_PIC = NO;
				GCC_NO_COMMON_BLOCKS = YES;
				GCC_OPTIMIZATION_LEVEL = 0;
				GCC_PREPROCESSOR_DEFINITIONS = (
					"DEBUG=1",
					"$(inherited)",
				);
				GCC_WARN_64_TO_32_BIT_CONVERSION = YES;
				GCC_WARN_ABOUT_RETURN_TYPE = YES_ERROR;
				GCC_WARN_UNDECLARED_SELECTOR = YES;
				GCC_WARN_UNINITIALIZED_AUTOS = YES_AGGRESSIVE;
				GCC_WARN_UNUSED_FUNCTION = YES;
				GCC_WARN_UNUSED_VARIABLE = YES;
				IPHONEOS_DEPLOYMENT_TARGET = 15.4;
				MTL_ENABLE_DEBUG_INFO = INCLUDE_SOURCE;
				MTL_FAST_MATH = YES;
				ONLY_ACTIVE_ARCH = YES;
				SDKROOT = iphoneos;
				SWIFT_ACTIVE_COMPILATION_CONDITIONS = DEBUG;
				SWIFT_OPTIMIZATION_LEVEL = "-Onone";
			};
			name = Debug;
		};
		115DAF8F27F352F4009DFFC2 /* Release */ = {
			isa = XCBuildConfiguration;
			buildSettings = {
				ALWAYS_SEARCH_USER_PATHS = NO;
				CLANG_ANALYZER_NONNULL = YES;
				CLANG_ANALYZER_NUMBER_OBJECT_CONVERSION = YES_AGGRESSIVE;
				CLANG_CXX_LANGUAGE_STANDARD = "gnu++17";
				CLANG_ENABLE_MODULES = YES;
				CLANG_ENABLE_OBJC_ARC = YES;
				CLANG_ENABLE_OBJC_WEAK = YES;
				CLANG_WARN_BLOCK_CAPTURE_AUTORELEASING = YES;
				CLANG_WARN_BOOL_CONVERSION = YES;
				CLANG_WARN_COMMA = YES;
				CLANG_WARN_CONSTANT_CONVERSION = YES;
				CLANG_WARN_DEPRECATED_OBJC_IMPLEMENTATIONS = YES;
				CLANG_WARN_DIRECT_OBJC_ISA_USAGE = YES_ERROR;
				CLANG_WARN_DOCUMENTATION_COMMENTS = YES;
				CLANG_WARN_EMPTY_BODY = YES;
				CLANG_WARN_ENUM_CONVERSION = YES;
				CLANG_WARN_INFINITE_RECURSION = YES;
				CLANG_WARN_INT_CONVERSION = YES;
				CLANG_WARN_NON_LITERAL_NULL_CONVERSION = YES;
				CLANG_WARN_OBJC_IMPLICIT_RETAIN_SELF = YES;
				CLANG_WARN_OBJC_LITERAL_CONVERSION = YES;
				CLANG_WARN_OBJC_ROOT_CLASS = YES_ERROR;
				CLANG_WARN_QUOTED_INCLUDE_IN_FRAMEWORK_HEADER = YES;
				CLANG_WARN_RANGE_LOOP_ANALYSIS = YES;
				CLANG_WARN_STRICT_PROTOTYPES = YES;
				CLANG_WARN_SUSPICIOUS_MOVE = YES;
				CLANG_WARN_UNGUARDED_AVAILABILITY = YES_AGGRESSIVE;
				CLANG_WARN_UNREACHABLE_CODE = YES;
				CLANG_WARN__DUPLICATE_METHOD_MATCH = YES;
				COPY_PHASE_STRIP = NO;
				DEBUG_INFORMATION_FORMAT = "dwarf-with-dsym";
				ENABLE_NS_ASSERTIONS = NO;
				ENABLE_STRICT_OBJC_MSGSEND = YES;
				GCC_C_LANGUAGE_STANDARD = gnu11;
				GCC_NO_COMMON_BLOCKS = YES;
				GCC_WARN_64_TO_32_BIT_CONVERSION = YES;
				GCC_WARN_ABOUT_RETURN_TYPE = YES_ERROR;
				GCC_WARN_UNDECLARED_SELECTOR = YES;
				GCC_WARN_UNINITIALIZED_AUTOS = YES_AGGRESSIVE;
				GCC_WARN_UNUSED_FUNCTION = YES;
				GCC_WARN_UNUSED_VARIABLE = YES;
				IPHONEOS_DEPLOYMENT_TARGET = 15.4;
				MTL_ENABLE_DEBUG_INFO = NO;
				MTL_FAST_MATH = YES;
				SDKROOT = iphoneos;
				SWIFT_COMPILATION_MODE = wholemodule;
				SWIFT_OPTIMIZATION_LEVEL = "-O";
				VALIDATE_PRODUCT = YES;
			};
			name = Release;
		};
		115DAF9127F352F4009DFFC2 /* Debug */ = {
			isa = XCBuildConfiguration;
			buildSettings = {
				ASSETCATALOG_COMPILER_APPICON_NAME = AppIcon;
				ASSETCATALOG_COMPILER_GLOBAL_ACCENT_COLOR_NAME = AccentColor;
				CODE_SIGN_STYLE = Automatic;
				CURRENT_PROJECT_VERSION = 1;
				DEVELOPMENT_ASSET_PATHS = "\"swift-ui-screens/Preview Content\"";
				DEVELOPMENT_TEAM = BAC889C4V8;
				ENABLE_PREVIEWS = YES;
				GENERATE_INFOPLIST_FILE = YES;
				INFOPLIST_KEY_UIApplicationSceneManifest_Generation = YES;
				INFOPLIST_KEY_UIApplicationSupportsIndirectInputEvents = YES;
				INFOPLIST_KEY_UILaunchScreen_Generation = YES;
				INFOPLIST_KEY_UISupportedInterfaceOrientations_iPad = "UIInterfaceOrientationPortrait UIInterfaceOrientationPortraitUpsideDown UIInterfaceOrientationLandscapeLeft UIInterfaceOrientationLandscapeRight";
				INFOPLIST_KEY_UISupportedInterfaceOrientations_iPhone = "UIInterfaceOrientationPortrait UIInterfaceOrientationLandscapeLeft UIInterfaceOrientationLandscapeRight";
				LD_RUNPATH_SEARCH_PATHS = (
					"$(inherited)",
					"@executable_path/Frameworks",
				);
				MARKETING_VERSION = 1.0;
				PRODUCT_BUNDLE_IDENTIFIER = "com.thedevdesigner.swift-ui-screens";
				PRODUCT_NAME = "$(TARGET_NAME)";
				SWIFT_EMIT_LOC_STRINGS = YES;
				SWIFT_VERSION = 5.0;
				TARGETED_DEVICE_FAMILY = "1,2";
			};
			name = Debug;
		};
		115DAF9227F352F4009DFFC2 /* Release */ = {
			isa = XCBuildConfiguration;
			buildSettings = {
				ASSETCATALOG_COMPILER_APPICON_NAME = AppIcon;
				ASSETCATALOG_COMPILER_GLOBAL_ACCENT_COLOR_NAME = AccentColor;
				CODE_SIGN_STYLE = Automatic;
				CURRENT_PROJECT_VERSION = 1;
				DEVELOPMENT_ASSET_PATHS = "\"swift-ui-screens/Preview Content\"";
				DEVELOPMENT_TEAM = BAC889C4V8;
				ENABLE_PREVIEWS = YES;
				GENERATE_INFOPLIST_FILE = YES;
				INFOPLIST_KEY_UIApplicationSceneManifest_Generation = YES;
				INFOPLIST_KEY_UIApplicationSupportsIndirectInputEvents = YES;
				INFOPLIST_KEY_UILaunchScreen_Generation = YES;
				INFOPLIST_KEY_UISupportedInterfaceOrientations_iPad = "UIInterfaceOrientationPortrait UIInterfaceOrientationPortraitUpsideDown UIInterfaceOrientationLandscapeLeft UIInterfaceOrientationLandscapeRight";
				INFOPLIST_KEY_UISupportedInterfaceOrientations_iPhone = "UIInterfaceOrientationPortrait UIInterfaceOrientationLandscapeLeft UIInterfaceOrientationLandscapeRight";
				LD_RUNPATH_SEARCH_PATHS = (
					"$(inherited)",
					"@executable_path/Frameworks",
				);
				MARKETING_VERSION = 1.0;
				PRODUCT_BUNDLE_IDENTIFIER = "com.thedevdesigner.swift-ui-screens";
				PRODUCT_NAME = "$(TARGET_NAME)";
				SWIFT_EMIT_LOC_STRINGS = YES;
				SWIFT_VERSION = 5.0;
				TARGETED_DEVICE_FAMILY = "1,2";
			};
			name = Release;
		};
/* End XCBuildConfiguration section */

/* Begin XCConfigurationList section */
		115DAF7D27F352F3009DFFC2 /* Build configuration list for PBXProject "swift-ui-screens" */ = {
			isa = XCConfigurationList;
			buildConfigurations = (
				115DAF8E27F352F4009DFFC2 /* Debug */,
				115DAF8F27F352F4009DFFC2 /* Release */,
			);
			defaultConfigurationIsVisible = 0;
			defaultConfigurationName = Release;
		};
		115DAF9027F352F4009DFFC2 /* Build configuration list for PBXNativeTarget "swift-ui-screens" */ = {
			isa = XCConfigurationList;
			buildConfigurations = (
				115DAF9127F352F4009DFFC2 /* Debug */,
				115DAF9227F352F4009DFFC2 /* Release */,
			);
			defaultConfigurationIsVisible = 0;
			defaultConfigurationName = Release;
		};
/* End XCConfigurationList section */
	};
	rootObject = 115DAF7A27F352F3009DFFC2 /* Project object */;
}
